
Microsoft Visual Studio Solution File, Format Version 12.00
# Visual Studio Version 16
VisualStudioVersion = 16.0.32126.315
MinimumVisualStudioVersion = 10.0.40219.1
Project("{9A19103F-16F7-4668-BE54-9A1E7A4F7556}") = "Origam.SigniService", "Origam.SigniService\Origam.SigniService.csproj", "{24B9D2BA-ABCB-421E-B3D4-023671710CA2}"
EndProject
Project("{9A19103F-16F7-4668-BE54-9A1E7A4F7556}") = "RunService", "RunService\RunService.csproj", "{8916F6F1-36EA-48AC-98C2-7B59DE5C75D1}"
EndProject
Global
	GlobalSection(SolutionConfigurationPlatforms) = preSolution
		Debug|Any CPU = Debug|Any CPU
		Release|Any CPU = Release|Any CPU
	EndGlobalSection
	GlobalSection(ProjectConfigurationPlatforms) = postSolution
		{24B9D2BA-ABCB-421E-B3D4-023671710CA2}.Debug|Any CPU.ActiveCfg = Debug|Any CPU
		{24B9D2BA-ABCB-421E-B3D4-023671710CA2}.Debug|Any CPU.Build.0 = Debug|Any CPU
		{24B9D2BA-ABCB-421E-B3D4-023671710CA2}.Release|Any CPU.ActiveCfg = Release|Any CPU
		{24B9D2BA-ABCB-421E-B3D4-023671710CA2}.Release|Any CPU.Build.0 = Release|Any CPU
		{8916F6F1-36EA-48AC-98C2-7B59DE5C75D1}.Debug|Any CPU.ActiveCfg = Debug|Any CPU
		{8916F6F1-36EA-48AC-98C2-7B59DE5C75D1}.Debug|Any CPU.Build.0 = Debug|Any CPU
		{8916F6F1-36EA-48AC-98C2-7B59DE5C75D1}.Release|Any CPU.ActiveCfg = Release|Any CPU
		{8916F6F1-36EA-48AC-98C2-7B59DE5C75D1}.Release|Any CPU.Build.0 = Release|Any CPU
	EndGlobalSection
	GlobalSection(SolutionProperties) = preSolution
		HideSolutionNode = FALSE
	EndGlobalSection
	GlobalSection(ExtensibilityGlobals) = postSolution
		SolutionGuid = {E2807CF5-58C1-4F25-9705-C33A3080B2B4}
	EndGlobalSection
EndGlobal
